
Microsoft Visual Studio Solution File, Format Version 12.00
# Visual Studio Version 17
VisualStudioVersion = 17.4.33213.308
MinimumVisualStudioVersion = 10.0.40219.1
Project("{FAE04EC0-301F-11D3-BF4B-00C04F79EFBC}") = "TestTask", "TestTask.csproj", "{230F0D13-6698-42BF-ADC6-6165EBF86358}"
EndProject
Global
	GlobalSection(SolutionConfigurationPlatforms) = preSolution
		Debug|Any CPU = Debug|Any CPU
		Release|Any CPU = Release|Any CPU
	EndGlobalSection
	GlobalSection(ProjectConfigurationPlatforms) = postSolution
		{230F0D13-6698-42BF-ADC6-6165EBF86358}.Debug|Any CPU.ActiveCfg = Debug|Any CPU
		{230F0D13-6698-42BF-ADC6-6165EBF86358}.Debug|Any CPU.Build.0 = Debug|Any CPU
		{230F0D13-6698-42BF-ADC6-6165EBF86358}.Release|Any CPU.ActiveCfg = Release|Any CPU
		{230F0D13-6698-42BF-ADC6-6165EBF86358}.Release|Any CPU.Build.0 = Release|Any CPU
	EndGlobalSection
	GlobalSection(SolutionProperties) = preSolution
		HideSolutionNode = FALSE
	EndGlobalSection
	GlobalSection(ExtensibilityGlobals) = postSolution
		SolutionGuid = {63B3664A-F29F-4BCF-A3CF-FDADA46373FE}
	EndGlobalSection
EndGlobal
